github.com/alexbrainman/printer v0.0.0-20200912035444-f40f26f0bdeb h1:OzF7h5OJLiB2QvpxfFdUFdSedYYsEKAXnE8BwsWQPmY=
github.com/alexbrainman/printer v0.0.0-20200912035444-f40f26f0bdeb/go.mod h1:aeB9oSJ1VNJXxBkCz6Krw3aW8lPx6rkWnW/hXcoujR4=
github.com/fsnotify/fsnotify v1.10.1 h1:b0/UzAf9yR5rhf3RPm9gf3ehBPpf0oZKIjtpKrx59Ho=
github.com/fsnotify/fsnotify v1.10.1/go.mod h1:TLheqan6HD6GBK6PrDWyDPBaEV8LspOxvPSjC+bVfgo=
golang.org/x/sys v0.0.0-20200909081042-eff7692f9009/go.mod h1:h1NjWce9XRLGQEsW7wpKNCjG9DtNlClVuFLEZdDNbEs=
golang.org/x/sys v0.13.0 h1:Af8nKPmuFypiUBjVoU9V20FiaFXOcuZI21p0ycVYYGE=
golang.org/x/sys v0.13.0/go.mod h1:oPkhp1MJrh7nUepCBck5+mAzfO9JrbApNNgaTdGDITg=
